
Microsoft Visual Studio Solution File, Format Version 12.00
# Visual Studio Version 17
VisualStudioVersion = 17.0.31903.59
MinimumVisualStudioVersion = 10.0.40219.1
Project("{2150E333-8FDC-42A3-9474-1A3956D46DE8}") = "src", "src", "{827E0CD3-B72D-47B6-A68D-7590B98EB39B}"
EndProject
Project("{FAE04EC0-301F-11D3-BF4B-00C04F79EFBC}") = "VMTO.Shared", "src\VMTO.Shared\VMTO.Shared.csproj", "{B17DE119-25ED-408B-A1C4-F93F3876D3A6}"
EndProject
Project("{FAE04EC0-301F-11D3-BF4B-00C04F79EFBC}") = "VMTO.Domain", "src\VMTO.Domain\VMTO.Domain.csproj", "{25E865E7-2474-4B3E-B032-6C7D17BEAD00}"
EndProject
Project("{FAE04EC0-301F-11D3-BF4B-00C04F79EFBC}") = "VMTO.Application", "src\VMTO.Application\VMTO.Application.csproj", "{F7E6D27A-9D8E-435F-ADA5-5500092EBB5C}"
EndProject
Project("{FAE04EC0-301F-11D3-BF4B-00C04F79EFBC}") = "VMTO.Infrastructure", "src\VMTO.Infrastructure\VMTO.Infrastructure.csproj", "{E54D058D-4821-458F-AEF8-0CC35D3A54C7}"
EndProject
Project("{FAE04EC0-301F-11D3-BF4B-00C04F79EFBC}") = "VMTO.API", "src\VMTO.API\VMTO.API.csproj", "{C85CD803-F77F-4614-A2D7-3A8DD4B87BF8}"
EndProject
Project("{FAE04EC0-301F-11D3-BF4B-00C04F79EFBC}") = "VMTO.Worker", "src\VMTO.Worker\VMTO.Worker.csproj", "{822130EB-A96A-4D00-AB87-EF1CDB5DE7E5}"
EndProject
Project("{FAE04EC0-301F-11D3-BF4B-00C04F79EFBC}") = "VMTO.LicenseServer", "src\VMTO.LicenseServer\VMTO.LicenseServer.csproj", "{261CF998-929B-4637-9CDA-A66299F10FF7}"
EndProject
Project("{2150E333-8FDC-42A3-9474-1A3956D46DE8}") = "tests", "tests", "{0AB3BF05-4346-4AA6-1389-037BE0695223}"
EndProject
Project("{FAE04EC0-301F-11D3-BF4B-00C04F79EFBC}") = "VMTO.Domain.Tests", "tests\VMTO.Domain.Tests\VMTO.Domain.Tests.csproj", "{208D518C-3C5B-47DF-94D4-352E221470D2}"
EndProject
Project("{FAE04EC0-301F-11D3-BF4B-00C04F79EFBC}") = "VMTO.Application.Tests", "tests\VMTO.Application.Tests\VMTO.Application.Tests.csproj", "{535A9114-A506-4CDD-AB40-42067176C0B5}"
EndProject
Project("{FAE04EC0-301F-11D3-BF4B-00C04F79EFBC}") = "VMTO.Infrastructure.Tests", "tests\VMTO.Infrastructure.Tests\VMTO.Infrastructure.Tests.csproj", "{D329EEEC-AC4A-4701-A435-AE8BA09E337A}"
EndProject
Project("{FAE04EC0-301F-11D3-BF4B-00C04F79EFBC}") = "VMTO.API.Tests", "tests\VMTO.API.Tests\VMTO.API.Tests.csproj", "{172161B5-BBC7-4394-9FA5-962110C5D397}"
EndProject
Global
	GlobalSection(SolutionConfigurationPlatforms) = preSolution
		Debug|Any CPU = Debug|Any CPU
		Debug|x64 = Debug|x64
		Debug|x86 = Debug|x86
		Release|Any CPU = Release|Any CPU
		Release|x64 = Release|x64
		Release|x86 = Release|x86
	EndGlobalSection
	GlobalSection(ProjectConfigurationPlatforms) = postSolution
		{B17DE119-25ED-408B-A1C4-F93F3876D3A6}.Debug|Any CPU.ActiveCfg = Debug|Any CPU
		{B17DE119-25ED-408B-A1C4-F93F3876D3A6}.Debug|Any CPU.Build.0 = Debug|Any CPU
		{B17DE119-25ED-408B-A1C4-F93F3876D3A6}.Debug|x64.ActiveCfg = Debug|Any CPU
		{B17DE119-25ED-408B-A1C4-F93F3876D3A6}.Debug|x64.Build.0 = Debug|Any CPU
		{B17DE119-25ED-408B-A1C4-F93F3876D3A6}.Debug|x86.ActiveCfg = Debug|Any CPU
		{B17DE119-25ED-408B-A1C4-F93F3876D3A6}.Debug|x86.Build.0 = Debug|Any CPU
		{B17DE119-25ED-408B-A1C4-F93F3876D3A6}.Release|Any CPU.ActiveCfg = Release|Any CPU
		{B17DE119-25ED-408B-A1C4-F93F3876D3A6}.Release|Any CPU.Build.0 = Release|Any CPU
		{B17DE119-25ED-408B-A1C4-F93F3876D3A6}.Release|x64.ActiveCfg = Release|Any CPU
		{B17DE119-25ED-408B-A1C4-F93F3876D3A6}.Release|x64.Build.0 = Release|Any CPU
		{B17DE119-25ED-408B-A1C4-F93F3876D3A6}.Release|x86.ActiveCfg = Release|Any CPU
		{B17DE119-25ED-408B-A1C4-F93F3876D3A6}.Release|x86.Build.0 = Release|Any CPU
		{25E865E7-2474-4B3E-B032-6C7D17BEAD00}.Debug|Any CPU.ActiveCfg = Debug|Any CPU
		{25E865E7-2474-4B3E-B032-6C7D17BEAD00}.Debug|Any CPU.Build.0 = Debug|Any CPU
		{25E865E7-2474-4B3E-B032-6C7D17BEAD00}.Debug|x64.ActiveCfg = Debug|Any CPU
		{25E865E7-2474-4B3E-B032-6C7D17BEAD00}.Debug|x64.Build.0 = Debug|Any CPU
		{25E865E7-2474-4B3E-B032-6C7D17BEAD00}.Debug|x86.ActiveCfg = Debug|Any CPU
		{25E865E7-2474-4B3E-B032-6C7D17BEAD00}.Debug|x86.Build.0 = Debug|Any CPU
		{25E865E7-2474-4B3E-B032-6C7D17BEAD00}.Release|Any CPU.ActiveCfg = Release|Any CPU
		{25E865E7-2474-4B3E-B032-6C7D17BEAD00}.Release|Any CPU.Build.0 = Release|Any CPU
		{25E865E7-2474-4B3E-B032-6C7D17BEAD00}.Release|x64.ActiveCfg = Release|Any CPU
		{25E865E7-2474-4B3E-B032-6C7D17BEAD00}.Release|x64.Build.0 = Release|Any CPU
		{25E865E7-2474-4B3E-B032-6C7D17BEAD00}.Release|x86.ActiveCfg = Release|Any CPU
		{25E865E7-2474-4B3E-B032-6C7D17BEAD00}.Release|x86.Build.0 = Release|Any CPU
		{F7E6D27A-9D8E-435F-ADA5-5500092EBB5C}.Debug|Any CPU.ActiveCfg = Debug|Any CPU
		{F7E6D27A-9D8E-435F-ADA5-5500092EBB5C}.Debug|Any CPU.Build.0 = Debug|Any CPU
		{F7E6D27A-9D8E-435F-ADA5-5500092EBB5C}.Debug|x64.ActiveCfg = Debug|Any CPU
		{F7E6D27A-9D8E-435F-ADA5-5500092EBB5C}.Debug|x64.Build.0 = Debug|Any CPU
		{F7E6D27A-9D8E-435F-ADA5-5500092EBB5C}.Debug|x86.ActiveCfg = Debug|Any CPU
		{F7E6D27A-9D8E-435F-ADA5-5500092EBB5C}.Debug|x86.Build.0 = Debug|Any CPU
		{F7E6D27A-9D8E-435F-ADA5-5500092EBB5C}.Release|Any CPU.ActiveCfg = Release|Any CPU
		{F7E6D27A-9D8E-435F-ADA5-5500092EBB5C}.Release|Any CPU.Build.0 = Release|Any CPU
		{F7E6D27A-9D8E-435F-ADA5-5500092EBB5C}.Release|x64.ActiveCfg = Release|Any CPU
		{F7E6D27A-9D8E-435F-ADA5-5500092EBB5C}.Release|x64.Build.0 = Release|Any CPU
		{F7E6D27A-9D8E-435F-ADA5-5500092EBB5C}.Release|x86.ActiveCfg = Release|Any CPU
		{F7E6D27A-9D8E-435F-ADA5-5500092EBB5C}.Release|x86.Build.0 = Release|Any CPU
		{E54D058D-4821-458F-AEF8-0CC35D3A54C7}.Debug|Any CPU.ActiveCfg = Debug|Any CPU
		{E54D058D-4821-458F-AEF8-0CC35D3A54C7}.Debug|Any CPU.Build.0 = Debug|Any CPU
		{E54D058D-4821-458F-AEF8-0CC35D3A54C7}.Debug|x64.ActiveCfg = Debug|Any CPU
		{E54D058D-4821-458F-AEF8-0CC35D3A54C7}.Debug|x64.Build.0 = Debug|Any CPU
		{E54D058D-4821-458F-AEF8-0CC35D3A54C7}.Debug|x86.ActiveCfg = Debug|Any CPU
		{E54D058D-4821-458F-AEF8-0CC35D3A54C7}.Debug|x86.Build.0 = Debug|Any CPU
		{E54D058D-4821-458F-AEF8-0CC35D3A54C7}.Release|Any CPU.ActiveCfg = Release|Any CPU
		{E54D058D-4821-458F-AEF8-0CC35D3A54C7}.Release|Any CPU.Build.0 = Release|Any CPU
		{E54D058D-4821-458F-AEF8-0CC35D3A54C7}.Release|x64.ActiveCfg = Release|Any CPU
		{E54D058D-4821-458F-AEF8-0CC35D3A54C7}.Release|x64.Build.0 = Release|Any CPU
		{E54D058D-4821-458F-AEF8-0CC35D3A54C7}.Release|x86.ActiveCfg = Release|Any CPU
		{E54D058D-4821-458F-AEF8-0CC35D3A54C7}.Release|x86.Build.0 = Release|Any CPU
		{C85CD803-F77F-4614-A2D7-3A8DD4B87BF8}.Debug|Any CPU.ActiveCfg = Debug|Any CPU
		{C85CD803-F77F-4614-A2D7-3A8DD4B87BF8}.Debug|Any CPU.Build.0 = Debug|Any CPU
		{C85CD803-F77F-4614-A2D7-3A8DD4B87BF8}.Debug|x64.ActiveCfg = Debug|Any CPU
		{C85CD803-F77F-4614-A2D7-3A8DD4B87BF8}.Debug|x64.Build.0 = Debug|Any CPU
		{C85CD803-F77F-4614-A2D7-3A8DD4B87BF8}.Debug|x86.ActiveCfg = Debug|Any CPU
		{C85CD803-F77F-4614-A2D7-3A8DD4B87BF8}.Debug|x86.Build.0 = Debug|Any CPU
		{C85CD803-F77F-4614-A2D7-3A8DD4B87BF8}.Release|Any CPU.ActiveCfg = Release|Any CPU
		{C85CD803-F77F-4614-A2D7-3A8DD4B87BF8}.Release|Any CPU.Build.0 = Release|Any CPU
		{C85CD803-F77F-4614-A2D7-3A8DD4B87BF8}.Release|x64.ActiveCfg = Release|Any CPU
		{C85CD803-F77F-4614-A2D7-3A8DD4B87BF8}.Release|x64.Build.0 = Release|Any CPU
		{C85CD803-F77F-4614-A2D7-3A8DD4B87BF8}.Release|x86.ActiveCfg = Release|Any CPU
		{C85CD803-F77F-4614-A2D7-3A8DD4B87BF8}.Release|x86.Build.0 = Release|Any CPU
		{822130EB-A96A-4D00-AB87-EF1CDB5DE7E5}.Debug|Any CPU.ActiveCfg = Debug|Any CPU
		{822130EB-A96A-4D00-AB87-EF1CDB5DE7E5}.Debug|Any CPU.Build.0 = Debug|Any CPU
		{822130EB-A96A-4D00-AB87-EF1CDB5DE7E5}.Debug|x64.ActiveCfg = Debug|Any CPU
		{822130EB-A96A-4D00-AB87-EF1CDB5DE7E5}.Debug|x64.Build.0 = Debug|Any CPU
		{822130EB-A96A-4D00-AB87-EF1CDB5DE7E5}.Debug|x86.ActiveCfg = Debug|Any CPU
		{822130EB-A96A-4D00-AB87-EF1CDB5DE7E5}.Debug|x86.Build.0 = Debug|Any CPU
		{822130EB-A96A-4D00-AB87-EF1CDB5DE7E5}.Release|Any CPU.ActiveCfg = Release|Any CPU
		{822130EB-A96A-4D00-AB87-EF1CDB5DE7E5}.Release|Any CPU.Build.0 = Release|Any CPU
		{822130EB-A96A-4D00-AB87-EF1CDB5DE7E5}.Release|x64.ActiveCfg = Release|Any CPU
		{822130EB-A96A-4D00-AB87-EF1CDB5DE7E5}.Release|x64.Build.0 = Release|Any CPU
		{822130EB-A96A-4D00-AB87-EF1CDB5DE7E5}.Release|x86.ActiveCfg = Release|Any CPU
		{822130EB-A96A-4D00-AB87-EF1CDB5DE7E5}.Release|x86.Build.0 = Release|Any CPU
		{261CF998-929B-4637-9CDA-A66299F10FF7}.Debug|Any CPU.ActiveCfg = Debug|Any CPU
		{261CF998-929B-4637-9CDA-A66299F10FF7}.Debug|Any CPU.Build.0 = Debug|Any CPU
		{261CF998-929B-4637-9CDA-A66299F10FF7}.Debug|x64.ActiveCfg = Debug|Any CPU
		{261CF998-929B-4637-9CDA-A66299F10FF7}.Debug|x64.Build.0 = Debug|Any CPU
		{261CF998-929B-4637-9CDA-A66299F10FF7}.Debug|x86.ActiveCfg = Debug|Any CPU
		{261CF998-929B-4637-9CDA-A66299F10FF7}.Debug|x86.Build.0 = Debug|Any CPU
		{261CF998-929B-4637-9CDA-A66299F10FF7}.Release|Any CPU.ActiveCfg = Release|Any CPU
		{261CF998-929B-4637-9CDA-A66299F10FF7}.Release|Any CPU.Build.0 = Release|Any CPU
		{261CF998-929B-4637-9CDA-A66299F10FF7}.Release|x64.ActiveCfg = Release|Any CPU
		{261CF998-929B-4637-9CDA-A66299F10FF7}.Release|x64.Build.0 = Release|Any CPU
		{261CF998-929B-4637-9CDA-A66299F10FF7}.Release|x86.ActiveCfg = Release|Any CPU
		{261CF998-929B-4637-9CDA-A66299F10FF7}.Release|x86.Build.0 = Release|Any CPU
		{208D518C-3C5B-47DF-94D4-352E221470D2}.Debug|Any CPU.ActiveCfg = Debug|Any CPU
		{208D518C-3C5B-47DF-94D4-352E221470D2}.Debug|Any CPU.Build.0 = Debug|Any CPU
		{208D518C-3C5B-47DF-94D4-352E221470D2}.Debug|x64.ActiveCfg = Debug|Any CPU
		{208D518C-3C5B-47DF-94D4-352E221470D2}.Debug|x64.Build.0 = Debug|Any CPU
		{208D518C-3C5B-47DF-94D4-352E221470D2}.Debug|x86.ActiveCfg = Debug|Any CPU
		{208D518C-3C5B-47DF-94D4-352E221470D2}.Debug|x86.Build.0 = Debug|Any CPU
		{208D518C-3C5B-47DF-94D4-352E221470D2}.Release|Any CPU.ActiveCfg = Release|Any CPU
		{208D518C-3C5B-47DF-94D4-352E221470D2}.Release|Any CPU.Build.0 = Release|Any CPU
		{208D518C-3C5B-47DF-94D4-352E221470D2}.Release|x64.ActiveCfg = Release|Any CPU
		{208D518C-3C5B-47DF-94D4-352E221470D2}.Release|x64.Build.0 = Release|Any CPU
		{208D518C-3C5B-47DF-94D4-352E221470D2}.Release|x86.ActiveCfg = Release|Any CPU
		{208D518C-3C5B-47DF-94D4-352E221470D2}.Release|x86.Build.0 = Release|Any CPU
		{535A9114-A506-4CDD-AB40-42067176C0B5}.Debug|Any CPU.ActiveCfg = Debug|Any CPU
		{535A9114-A506-4CDD-AB40-42067176C0B5}.Debug|Any CPU.Build.0 = Debug|Any CPU
		{535A9114-A506-4CDD-AB40-42067176C0B5}.Debug|x64.ActiveCfg = Debug|Any CPU
		{535A9114-A506-4CDD-AB40-42067176C0B5}.Debug|x64.Build.0 = Debug|Any CPU
		{535A9114-A506-4CDD-AB40-42067176C0B5}.Debug|x86.ActiveCfg = Debug|Any CPU
		{535A9114-A506-4CDD-AB40-42067176C0B5}.Debug|x86.Build.0 = Debug|Any CPU
		{535A9114-A506-4CDD-AB40-42067176C0B5}.Release|Any CPU.ActiveCfg = Release|Any CPU
		{535A9114-A506-4CDD-AB40-42067176C0B5}.Release|Any CPU.Build.0 = Release|Any CPU
		{535A9114-A506-4CDD-AB40-42067176C0B5}.Release|x64.ActiveCfg = Release|Any CPU
		{535A9114-A506-4CDD-AB40-42067176C0B5}.Release|x64.Build.0 = Release|Any CPU
		{535A9114-A506-4CDD-AB40-42067176C0B5}.Release|x86.ActiveCfg = Release|Any CPU
		{535A9114-A506-4CDD-AB40-42067176C0B5}.Release|x86.Build.0 = Release|Any CPU
		{D329EEEC-AC4A-4701-A435-AE8BA09E337A}.Debug|Any CPU.ActiveCfg = Debug|Any CPU
		{D329EEEC-AC4A-4701-A435-AE8BA09E337A}.Debug|Any CPU.Build.0 = Debug|Any CPU
		{D329EEEC-AC4A-4701-A435-AE8BA09E337A}.Debug|x64.ActiveCfg = Debug|Any CPU
		{D329EEEC-AC4A-4701-A435-AE8BA09E337A}.Debug|x64.Build.0 = Debug|Any CPU
		{D329EEEC-AC4A-4701-A435-AE8BA09E337A}.Debug|x86.ActiveCfg = Debug|Any CPU
		{D329EEEC-AC4A-4701-A435-AE8BA09E337A}.Debug|x86.Build.0 = Debug|Any CPU
		{D329EEEC-AC4A-4701-A435-AE8BA09E337A}.Release|Any CPU.ActiveCfg = Release|Any CPU
		{D329EEEC-AC4A-4701-A435-AE8BA09E337A}.Release|Any CPU.Build.0 = Release|Any CPU
		{D329EEEC-AC4A-4701-A435-AE8BA09E337A}.Release|x64.ActiveCfg = Release|Any CPU
		{D329EEEC-AC4A-4701-A435-AE8BA09E337A}.Release|x64.Build.0 = Release|Any CPU
		{D329EEEC-AC4A-4701-A435-AE8BA09E337A}.Release|x86.ActiveCfg = Release|Any CPU
		{D329EEEC-AC4A-4701-A435-AE8BA09E337A}.Release|x86.Build.0 = Release|Any CPU
		{172161B5-BBC7-4394-9FA5-962110C5D397}.Debug|Any CPU.ActiveCfg = Debug|Any CPU
		{172161B5-BBC7-4394-9FA5-962110C5D397}.Debug|Any CPU.Build.0 = Debug|Any CPU
		{172161B5-BBC7-4394-9FA5-962110C5D397}.Debug|x64.ActiveCfg = Debug|Any CPU
		{172161B5-BBC7-4394-9FA5-962110C5D397}.Debug|x64.Build.0 = Debug|Any CPU
		{172161B5-BBC7-4394-9FA5-962110C5D397}.Debug|x86.ActiveCfg = Debug|Any CPU
		{172161B5-BBC7-4394-9FA5-962110C5D397}.Debug|x86.Build.0 = Debug|Any CPU
		{172161B5-BBC7-4394-9FA5-962110C5D397}.Release|Any CPU.ActiveCfg = Release|Any CPU
		{172161B5-BBC7-4394-9FA5-962110C5D397}.Release|Any CPU.Build.0 = Release|Any CPU
		{172161B5-BBC7-4394-9FA5-962110C5D397}.Release|x64.ActiveCfg = Release|Any CPU
		{172161B5-BBC7-4394-9FA5-962110C5D397}.Release|x64.Build.0 = Release|Any CPU
		{172161B5-BBC7-4394-9FA5-962110C5D397}.Release|x86.ActiveCfg = Release|Any CPU
		{172161B5-BBC7-4394-9FA5-962110C5D397}.Release|x86.Build.0 = Release|Any CPU
	EndGlobalSection
	GlobalSection(SolutionProperties) = preSolution
		HideSolutionNode = FALSE
	EndGlobalSection
	GlobalSection(NestedProjects) = preSolution
		{B17DE119-25ED-408B-A1C4-F93F3876D3A6} = {827E0CD3-B72D-47B6-A68D-7590B98EB39B}
		{25E865E7-2474-4B3E-B032-6C7D17BEAD00} = {827E0CD3-B72D-47B6-A68D-7590B98EB39B}
		{F7E6D27A-9D8E-435F-ADA5-5500092EBB5C} = {827E0CD3-B72D-47B6-A68D-7590B98EB39B}
		{E54D058D-4821-458F-AEF8-0CC35D3A54C7} = {827E0CD3-B72D-47B6-A68D-7590B98EB39B}
		{C85CD803-F77F-4614-A2D7-3A8DD4B87BF8} = {827E0CD3-B72D-47B6-A68D-7590B98EB39B}
		{822130EB-A96A-4D00-AB87-EF1CDB5DE7E5} = {827E0CD3-B72D-47B6-A68D-7590B98EB39B}
		{261CF998-929B-4637-9CDA-A66299F10FF7} = {827E0CD3-B72D-47B6-A68D-7590B98EB39B}
		{208D518C-3C5B-47DF-94D4-352E221470D2} = {0AB3BF05-4346-4AA6-1389-037BE0695223}
		{535A9114-A506-4CDD-AB40-42067176C0B5} = {0AB3BF05-4346-4AA6-1389-037BE0695223}
		{D329EEEC-AC4A-4701-A435-AE8BA09E337A} = {0AB3BF05-4346-4AA6-1389-037BE0695223}
		{172161B5-BBC7-4394-9FA5-962110C5D397} = {0AB3BF05-4346-4AA6-1389-037BE0695223}
	EndGlobalSection
EndGlobal
